
Microsoft Visual Studio Solution File, Format Version 12.00
# Visual Studio Version 17
VisualStudioVersion = 17.5.33530.505
MinimumVisualStudioVersion = 10.0.40219.1
Project("{FAE04EC0-301F-11D3-BF4B-00C04F79EFBC}") = "Mamba_mvc", "Mamba_mvc.csproj", "{3CAD07A6-F8F0-4E14-8BB1-223ED0D4DBCF}"
EndProject
Global
	GlobalSection(SolutionConfigurationPlatforms) = preSolution
		Debug|Any CPU = Debug|Any CPU
		Release|Any CPU = Release|Any CPU
	EndGlobalSection
	GlobalSection(ProjectConfigurationPlatforms) = postSolution
		{3CAD07A6-F8F0-4E14-8BB1-223ED0D4DBCF}.Debug|Any CPU.ActiveCfg = Debug|Any CPU
		{3CAD07A6-F8F0-4E14-8BB1-223ED0D4DBCF}.Debug|Any CPU.Build.0 = Debug|Any CPU
		{3CAD07A6-F8F0-4E14-8BB1-223ED0D4DBCF}.Release|Any CPU.ActiveCfg = Release|Any CPU
		{3CAD07A6-F8F0-4E14-8BB1-223ED0D4DBCF}.Release|Any CPU.Build.0 = Release|Any CPU
	EndGlobalSection
	GlobalSection(SolutionProperties) = preSolution
		HideSolutionNode = FALSE
	EndGlobalSection
	GlobalSection(ExtensibilityGlobals) = postSolution
		SolutionGuid = {2E59187B-673E-449B-8199-78CD1C5DEA23}
	EndGlobalSection
EndGlobal
